// !$*UTF8*$!
{
	archiveVersion = 1;
	classes = {
	};
	objectVersion = 56;
	objects = {

/* Begin PBXBuildFile section */
		802A1DAD29A4D0C000F5FB5B /* WinterTableViewCell.swift in Sources */ = {isa = PBXBuildFile; fileRef = 802A1DAB29A4D0C000F5FB5B /* WinterTableViewCell.swift */; };
		802A1DAE29A4D0C000F5FB5B /* WinterTableViewCell.xib in Resources */ = {isa = PBXBuildFile; fileRef = 802A1DAC29A4D0C000F5FB5B /* WinterTableViewCell.xib */; };
		802A1DB429A4D6AD00F5FB5B /* Summer.swift in Sources */ = {isa = PBXBuildFile; fileRef = 802A1DB329A4D6AD00F5FB5B /* Summer.swift */; };
		802A1DB729A4D6EA00F5FB5B /* Summer.storyboard in Resources */ = {isa = PBXBuildFile; fileRef = 802A1DB629A4D6EA00F5FB5B /* Summer.storyboard */; };
		802A1DBB29A4D75600F5FB5B /* SummerTableViewCell.swift in Sources */ = {isa = PBXBuildFile; fileRef = 802A1DB929A4D75600F5FB5B /* SummerTableViewCell.swift */; };
		802A1DBC29A4D75600F5FB5B /* SummerTableViewCell.xib in Resources */ = {isa = PBXBuildFile; fileRef = 802A1DBA29A4D75600F5FB5B /* SummerTableViewCell.xib */; };
		802C6E2E299FD28500741CA8 /* Favorites.storyboard in Resources */ = {isa = PBXBuildFile; fileRef = 802C6E2D299FD28500741CA8 /* Favorites.storyboard */; };
		802E425A29A6272B00F6A245 /* TourDetailsTapped.storyboard in Resources */ = {isa = PBXBuildFile; fileRef = 802E425929A6272B00F6A245 /* TourDetailsTapped.storyboard */; };
		802E425C29A6273A00F6A245 /* TourDetailsTappedViewController.swift in Sources */ = {isa = PBXBuildFile; fileRef = 802E425B29A6273A00F6A245 /* TourDetailsTappedViewController.swift */; };
		80348E2A29A5EA2600D192B3 /* Tour.swift in Sources */ = {isa = PBXBuildFile; fileRef = 80348E2929A5EA2600D192B3 /* Tour.swift */; };
		80348E2C29A5EAC600D192B3 /* TourApiManager.swift in Sources */ = {isa = PBXBuildFile; fileRef = 80348E2B29A5EAC600D192B3 /* TourApiManager.swift */; };
		80348E3029A5ED3700D192B3 /* ToursTableViewCell.swift in Sources */ = {isa = PBXBuildFile; fileRef = 80348E2E29A5ED3700D192B3 /* ToursTableViewCell.swift */; };
		80348E3129A5ED3700D192B3 /* ToursTableViewCell.xib in Resources */ = {isa = PBXBuildFile; fileRef = 80348E2F29A5ED3700D192B3 /* ToursTableViewCell.xib */; };
		80348E3429A5EF5100D192B3 /* ToursCollectionViewCell.swift in Sources */ = {isa = PBXBuildFile; fileRef = 80348E3229A5EF5100D192B3 /* ToursCollectionViewCell.swift */; };
		80348E3529A5EF5100D192B3 /* ToursCollectionViewCell.xib in Resources */ = {isa = PBXBuildFile; fileRef = 80348E3329A5EF5100D192B3 /* ToursCollectionViewCell.xib */; };
		804E6D7829A6010700A3014A /* ToursDetails.storyboard in Resources */ = {isa = PBXBuildFile; fileRef = 804E6D7729A6010700A3014A /* ToursDetails.storyboard */; };
		804E6D7A29A6011400A3014A /* ToursDViewController.swift in Sources */ = {isa = PBXBuildFile; fileRef = 804E6D7929A6011400A3014A /* ToursDViewController.swift */; };
		804E6D7D29A6013F00A3014A /* ToursDetTableViewCell.swift in Sources */ = {isa = PBXBuildFile; fileRef = 804E6D7B29A6013F00A3014A /* ToursDetTableViewCell.swift */; };
		804E6D7E29A6013F00A3014A /* ToursDetTableViewCell.xib in Resources */ = {isa = PBXBuildFile; fileRef = 804E6D7C29A6013F00A3014A /* ToursDetTableViewCell.xib */; };
		805AFE4529A79F2000F10D98 /* DataShouldBeFetched.xcdatamodeld in Sources */ = {isa = PBXBuildFile; fileRef = 805AFE4329A79F2000F10D98 /* DataShouldBeFetched.xcdatamodeld */; };
		807712E329A76B7D00124195 /* BlogCollectionViewCell.swift in Sources */ = {isa = PBXBuildFile; fileRef = 807712E129A76B7D00124195 /* BlogCollectionViewCell.swift */; };
		807712E429A76B7D00124195 /* BlogCollectionViewCell.xib in Resources */ = {isa = PBXBuildFile; fileRef = 807712E229A76B7D00124195 /* BlogCollectionViewCell.xib */; };
		807712E729A7759300124195 /* WritingBlog.storyboard in Resources */ = {isa = PBXBuildFile; fileRef = 807712E629A7759300124195 /* WritingBlog.storyboard */; };
		807712E929A775A200124195 /* WritingBlogViewController.swift in Sources */ = {isa = PBXBuildFile; fileRef = 807712E829A775A200124195 /* WritingBlogViewController.swift */; };
		808120FF29A4CA1900A3DDBD /* WinteerCollectionViewCell.swift in Sources */ = {isa = PBXBuildFile; fileRef = 808120FD29A4CA1900A3DDBD /* WinteerCollectionViewCell.swift */; };
		8081210029A4CA1900A3DDBD /* WinteerCollectionViewCell.xib in Resources */ = {isa = PBXBuildFile; fileRef = 808120FE29A4CA1900A3DDBD /* WinteerCollectionViewCell.xib */; };
		80919121299FC74A00850F46 /* AppDelegate.swift in Sources */ = {isa = PBXBuildFile; fileRef = 80919120299FC74A00850F46 /* AppDelegate.swift */; };
		80919123299FC74A00850F46 /* SceneDelegate.swift in Sources */ = {isa = PBXBuildFile; fileRef = 80919122299FC74A00850F46 /* SceneDelegate.swift */; };
		8091912B299FC74B00850F46 /* TripGuide.xcdatamodeld in Sources */ = {isa = PBXBuildFile; fileRef = 80919129299FC74B00850F46 /* TripGuide.xcdatamodeld */; };
		8091912D299FC74C00850F46 /* Assets.xcassets in Resources */ = {isa = PBXBuildFile; fileRef = 8091912C299FC74C00850F46 /* Assets.xcassets */; };
		80919130299FC74C00850F46 /* LaunchScreen.storyboard in Resources */ = {isa = PBXBuildFile; fileRef = 8091912E299FC74C00850F46 /* LaunchScreen.storyboard */; };
		80919140299FC85B00850F46 /* Main.storyboard in Resources */ = {isa = PBXBuildFile; fileRef = 8091913F299FC85A00850F46 /* Main.storyboard */; };
		80919142299FC86D00850F46 /* TabBarController.swift in Sources */ = {isa = PBXBuildFile; fileRef = 80919141299FC86D00850F46 /* TabBarController.swift */; };
		80919146299FC8C700850F46 /* Extension+UIColor.swift in Sources */ = {isa = PBXBuildFile; fileRef = 80919144299FC8C700850F46 /* Extension+UIColor.swift */; };
		80919147299FC8C700850F46 /* Extension+TabBarExtension.swift in Sources */ = {isa = PBXBuildFile; fileRef = 80919145299FC8C700850F46 /* Extension+TabBarExtension.swift */; };
		8091914B299FC8E500850F46 /* Settings.storyboard in Resources */ = {isa = PBXBuildFile; fileRef = 80919149299FC8E500850F46 /* Settings.storyboard */; };
		8091914C299FC8E500850F46 /* SettingsViewController.swift in Sources */ = {isa = PBXBuildFile; fileRef = 8091914A299FC8E500850F46 /* SettingsViewController.swift */; };
		80919158299FC95C00850F46 /* FavoriteViewController.swift in Sources */ = {isa = PBXBuildFile; fileRef = 80919154299FC95C00850F46 /* FavoriteViewController.swift */; };
		80919162299FC99F00850F46 /* ReserveRestaurant.storyboard in Resources */ = {isa = PBXBuildFile; fileRef = 80919160299FC99F00850F46 /* ReserveRestaurant.storyboard */; };
		80919163299FC99F00850F46 /* ReserveRestaurantViewController.swift in Sources */ = {isa = PBXBuildFile; fileRef = 80919161299FC99F00850F46 /* ReserveRestaurantViewController.swift */; };
		80919167299FC9BC00850F46 /* RestaurantCollectionViewCell.xib in Resources */ = {isa = PBXBuildFile; fileRef = 80919165299FC9BC00850F46 /* RestaurantCollectionViewCell.xib */; };
		80919168299FC9BC00850F46 /* RestaurantCollectionViewCell.swift in Sources */ = {isa = PBXBuildFile; fileRef = 80919166299FC9BC00850F46 /* RestaurantCollectionViewCell.swift */; };
		8091916C299FC9D200850F46 /* HotelCollectionViewCell.swift in Sources */ = {isa = PBXBuildFile; fileRef = 8091916A299FC9D200850F46 /* HotelCollectionViewCell.swift */; };
		8091916D299FC9D200850F46 /* HotelCollectionViewCell.xib in Resources */ = {isa = PBXBuildFile; fileRef = 8091916B299FC9D200850F46 /* HotelCollectionViewCell.xib */; };
		80919170299FC9DD00850F46 /* DetailsViewController.swift in Sources */ = {isa = PBXBuildFile; fileRef = 8091916E299FC9DD00850F46 /* DetailsViewController.swift */; };
		80919171299FC9DD00850F46 /* Details.storyboard in Resources */ = {isa = PBXBuildFile; fileRef = 8091916F299FC9DD00850F46 /* Details.storyboard */; };
		80919176299FCA1800850F46 /* ExploreTableViewCell.swift in Sources */ = {isa = PBXBuildFile; fileRef = 80919174299FCA1800850F46 /* ExploreTableViewCell.swift */; };
		80919177299FCA1800850F46 /* ExploreTableViewCell.xib in Resources */ = {isa = PBXBuildFile; fileRef = 80919175299FCA1800850F46 /* ExploreTableViewCell.xib */; };
		8091917B299FCA3200850F46 /* Explore.storyboard in Resources */ = {isa = PBXBuildFile; fileRef = 80919179299FCA3200850F46 /* Explore.storyboard */; };
		8091917C299FCA3200850F46 /* ExploreViewController.swift in Sources */ = {isa = PBXBuildFile; fileRef = 8091917A299FCA3200850F46 /* ExploreViewController.swift */; };
		80919180299FCA4900850F46 /* CityDetailsViewController.swift in Sources */ = {isa = PBXBuildFile; fileRef = 8091917E299FCA4900850F46 /* CityDetailsViewController.swift */; };
		80919181299FCA4900850F46 /* CityDetail.storyboard in Resources */ = {isa = PBXBuildFile; fileRef = 8091917F299FCA4900850F46 /* CityDetail.storyboard */; };
		80919186299FCA7900850F46 /* hotelsAPIManager.swift in Sources */ = {isa = PBXBuildFile; fileRef = 80919183299FCA7900850F46 /* hotelsAPIManager.swift */; };
		80919187299FCA7900850F46 /* PlacesAPIManager.swift in Sources */ = {isa = PBXBuildFile; fileRef = 80919184299FCA7900850F46 /* PlacesAPIManager.swift */; };
		80919188299FCA7900850F46 /* RestaurantApiManager.swift in Sources */ = {isa = PBXBuildFile; fileRef = 80919185299FCA7900850F46 /* RestaurantApiManager.swift */; };
		8091918D299FCA8800850F46 /* City.swift in Sources */ = {isa = PBXBuildFile; fileRef = 8091918A299FCA8800850F46 /* City.swift */; };
		8091918E299FCA8800850F46 /* Restaurant.swift in Sources */ = {isa = PBXBuildFile; fileRef = 8091918B299FCA8800850F46 /* Restaurant.swift */; };
		8091918F299FCA8800850F46 /* hotel.swift in Sources */ = {isa = PBXBuildFile; fileRef = 8091918C299FCA8800850F46 /* hotel.swift */; };
		80919197299FCAE800850F46 /* Kingfisher in Frameworks */ = {isa = PBXBuildFile; productRef = 80919196299FCAE800850F46 /* Kingfisher */; };
		809D608829A38E9C00E9EBBA /* ResortHotels.storyboard in Resources */ = {isa = PBXBuildFile; fileRef = 809D608729A38E9C00E9EBBA /* ResortHotels.storyboard */; };
		809D608A29A38EAC00E9EBBA /* ResortsViewController.swift in Sources */ = {isa = PBXBuildFile; fileRef = 809D608929A38EAC00E9EBBA /* ResortsViewController.swift */; };
		809D608E29A390DA00E9EBBA /* ResortHotelsTableViewCell.swift in Sources */ = {isa = PBXBuildFile; fileRef = 809D608C29A390DA00E9EBBA /* ResortHotelsTableViewCell.swift */; };
		809D608F29A390DA00E9EBBA /* ResortHotelsTableViewCell.xib in Resources */ = {isa = PBXBuildFile; fileRef = 809D608D29A390DA00E9EBBA /* ResortHotelsTableViewCell.xib */; };
		80B2639729A1509300A0F3EF /* Gilroy-Bold.ttf in Resources */ = {isa = PBXBuildFile; fileRef = 80919192299FCAA100850F46 /* Gilroy-Bold.ttf */; };
		80B2639829A1509500A0F3EF /* Gilroy-Regular.ttf in Resources */ = {isa = PBXBuildFile; fileRef = 80919191299FCAA100850F46 /* Gilroy-Regular.ttf */; };
		80B2639929A1509700A0F3EF /* Gotham-Bold.otf in Resources */ = {isa = PBXBuildFile; fileRef = 80919193299FCAA100850F46 /* Gotham-Bold.otf */; };
		80B7023329A7634A00B952FE /* BlogViewController.swift in Sources */ = {isa = PBXBuildFile; fileRef = 80B7023229A7634A00B952FE /* BlogViewController.swift */; };
		80B7023529A763B600B952FE /* BlogStoryBoard.storyboard in Resources */ = {isa = PBXBuildFile; fileRef = 80B7023429A763B600B952FE /* BlogStoryBoard.storyboard */; };
		80BCE77729A1245F001E0E5D /* SeasideApiManager.swift in Sources */ = {isa = PBXBuildFile; fileRef = 80BCE77629A1245F001E0E5D /* SeasideApiManager.swift */; };
		80BCE77929A12476001E0E5D /* seaside.swift in Sources */ = {isa = PBXBuildFile; fileRef = 80BCE77829A12476001E0E5D /* seaside.swift */; };
		80BCE77C29A12920001E0E5D /* SeasidesCollectionViewCell.swift in Sources */ = {isa = PBXBuildFile; fileRef = 80BCE77A29A12920001E0E5D /* SeasidesCollectionViewCell.swift */; };
		80BCE77D29A12920001E0E5D /* SeasidesCollectionViewCell.xib in Resources */ = {isa = PBXBuildFile; fileRef = 80BCE77B29A12920001E0E5D /* SeasidesCollectionViewCell.xib */; };
		80C83B2E29A37A2300797B8A /* Winter.swift in Sources */ = {isa = PBXBuildFile; fileRef = 80C83B2D29A37A2300797B8A /* Winter.swift */; };
		80C83B3029A37A3100797B8A /* WinterAPIManager.swift in Sources */ = {isa = PBXBuildFile; fileRef = 80C83B2F29A37A3100797B8A /* WinterAPIManager.swift */; };
		80CE7AFF29A3C41400874F63 /* WHotelsDetailsViewController.swift in Sources */ = {isa = PBXBuildFile; fileRef = 80CE7AFE29A3C41400874F63 /* WHotelsDetailsViewController.swift */; };
		80CE7B0129A3C42400874F63 /* WinterHDetails.storyboard in Resources */ = {isa = PBXBuildFile; fileRef = 80CE7B0029A3C42400874F63 /* WinterHDetails.storyboard */; };
		80D429EA29A671D700BF26E8 /* CollectionModel.swift in Sources */ = {isa = PBXBuildFile; fileRef = 80D429E929A671D700BF26E8 /* CollectionModel.swift */; };
		80D429EC29A6727500BF26E8 /* CollectionDataSource.swift in Sources */ = {isa = PBXBuildFile; fileRef = 80D429EB29A6727500BF26E8 /* CollectionDataSource.swift */; };
		80D429F029A6753F00BF26E8 /* MyFavoritesCollectionViewCell.swift in Sources */ = {isa = PBXBuildFile; fileRef = 80D429EE29A6753F00BF26E8 /* MyFavoritesCollectionViewCell.swift */; };
		80D429F129A6753F00BF26E8 /* MyFavoritesCollectionViewCell.xib in Resources */ = {isa = PBXBuildFile; fileRef = 80D429EF29A6753F00BF26E8 /* MyFavoritesCollectionViewCell.xib */; };
		80FCEDB429A13E670032BB39 /* SeasideTableViewCell.swift in Sources */ = {isa = PBXBuildFile; fileRef = 80FCEDB229A13E670032BB39 /* SeasideTableViewCell.swift */; };
		80FCEDB529A13E670032BB39 /* SeasideTableViewCell.xib in Resources */ = {isa = PBXBuildFile; fileRef = 80FCEDB329A13E670032BB39 /* SeasideTableViewCell.xib */; };
/* End PBXBuildFile section */

/* Begin PBXFileReference section */
		802A1DAB29A4D0C000F5FB5B /* WinterTableViewCell.swift */ = {isa = PBXFileReference; lastKnownFileType = sourcecode.swift; path = WinterTableViewCell.swift; sourceTree = "<group>"; };
		802A1DAC29A4D0C000F5FB5B /* WinterTableViewCell.xib */ = {isa = PBXFileReference; lastKnownFileType = file.xib; path = WinterTableViewCell.xib; sourceTree = "<group>"; };
		802A1DB329A4D6AD00F5FB5B /* Summer.swift */ = {isa = PBXFileReference; lastKnownFileType = sourcecode.swift; path = Summer.swift; sourceTree = "<group>"; };
		802A1DB629A4D6EA00F5FB5B /* Summer.storyboard */ = {isa = PBXFileReference; lastKnownFileType = file.storyboard; path = Summer.storyboard; sourceTree = "<group>"; };
		802A1DB929A4D75600F5FB5B /* SummerTableViewCell.swift */ = {isa = PBXFileReference; lastKnownFileType = sourcecode.swift; path = SummerTableViewCell.swift; sourceTree = "<group>"; };
		802A1DBA29A4D75600F5FB5B /* SummerTableViewCell.xib */ = {isa = PBXFileReference; lastKnownFileType = file.xib; path = SummerTableViewCell.xib; sourceTree = "<group>"; };
		802C6E2D299FD28500741CA8 /* Favorites.storyboard */ = {isa = PBXFileReference; lastKnownFileType = file.storyboard; path = Favorites.storyboard; sourceTree = "<group>"; };
		802E425929A6272B00F6A245 /* TourDetailsTapped.storyboard */ = {isa = PBXFileReference; lastKnownFileType = file.storyboard; path = TourDetailsTapped.storyboard; sourceTree = "<group>"; };
		802E425B29A6273A00F6A245 /* TourDetailsTappedViewController.swift */ = {isa = PBXFileReference; lastKnownFileType = sourcecode.swift; path = TourDetailsTappedViewController.swift; sourceTree = "<group>"; };
		80348E2929A5EA2600D192B3 /* Tour.swift */ = {isa = PBXFileReference; lastKnownFileType = sourcecode.swift; path = Tour.swift; sourceTree = "<group>"; };
		80348E2B29A5EAC600D192B3 /* TourApiManager.swift */ = {isa = PBXFileReference; lastKnownFileType = sourcecode.swift; path = TourApiManager.swift; sourceTree = "<group>"; };
		80348E2E29A5ED3700D192B3 /* ToursTableViewCell.swift */ = {isa = PBXFileReference; lastKnownFileType = sourcecode.swift; path = ToursTableViewCell.swift; sourceTree = "<group>"; };
		80348E2F29A5ED3700D192B3 /* ToursTableViewCell.xib */ = {isa = PBXFileReference; lastKnownFileType = file.xib; path = ToursTableViewCell.xib; sourceTree = "<group>"; };
		80348E3229A5EF5100D192B3 /* ToursCollectionViewCell.swift */ = {isa = PBXFileReference; lastKnownFileType = sourcecode.swift; path = ToursCollectionViewCell.swift; sourceTree = "<group>"; };
		80348E3329A5EF5100D192B3 /* ToursCollectionViewCell.xib */ = {isa = PBXFileReference; lastKnownFileType = file.xib; path = ToursCollectionViewCell.xib; sourceTree = "<group>"; };
		804E6D7729A6010700A3014A /* ToursDetails.storyboard */ = {isa = PBXFileReference; lastKnownFileType = file.storyboard; path = ToursDetails.storyboard; sourceTree = "<group>"; };
		804E6D7929A6011400A3014A /* ToursDViewController.swift */ = {isa = PBXFileReference; lastKnownFileType = sourcecode.swift; path = ToursDViewController.swift; sourceTree = "<group>"; };
		804E6D7B29A6013F00A3014A /* ToursDetTableViewCell.swift */ = {isa = PBXFileReference; lastKnownFileType = sourcecode.swift; path = ToursDetTableViewCell.swift; sourceTree = "<group>"; };
		804E6D7C29A6013F00A3014A /* ToursDetTableViewCell.xib */ = {isa = PBXFileReference; lastKnownFileType = file.xib; path = ToursDetTableViewCell.xib; sourceTree = "<group>"; };
		805AFE4429A79F2000F10D98 /* DataShouldBeFetched.xcdatamodel */ = {isa = PBXFileReference; lastKnownFileType = wrapper.xcdatamodel; path = DataShouldBeFetched.xcdatamodel; sourceTree = "<group>"; };
		807712E129A76B7D00124195 /* BlogCollectionViewCell.swift */ = {isa = PBXFileReference; lastKnownFileType = sourcecode.swift; path = BlogCollectionViewCell.swift; sourceTree = "<group>"; };
		807712E229A76B7D00124195 /* BlogCollectionViewCell.xib */ = {isa = PBXFileReference; lastKnownFileType = file.xib; path = BlogCollectionViewCell.xib; sourceTree = "<group>"; };
		807712E629A7759300124195 /* WritingBlog.storyboard */ = {isa = PBXFileReference; lastKnownFileType = file.storyboard; path = WritingBlog.storyboard; sourceTree = "<group>"; };
		807712E829A775A200124195 /* WritingBlogViewController.swift */ = {isa = PBXFileReference; lastKnownFileType = sourcecode.swift; path = WritingBlogViewController.swift; sourceTree = "<group>"; };
		808120FD29A4CA1900A3DDBD /* WinteerCollectionViewCell.swift */ = {isa = PBXFileReference; lastKnownFileType = sourcecode.swift; path = WinteerCollectionViewCell.swift; sourceTree = "<group>"; };
		808120FE29A4CA1900A3DDBD /* WinteerCollectionViewCell.xib */ = {isa = PBXFileReference; lastKnownFileType = file.xib; path = WinteerCollectionViewCell.xib; sourceTree = "<group>"; };
		8091911D299FC74A00850F46 /* TripGuide.app */ = {isa = PBXFileReference; explicitFileType = wrapper.application; includeInIndex = 0; path = TripGuide.app; sourceTree = BUILT_PRODUCTS_DIR; };
		80919120299FC74A00850F46 /* AppDelegate.swift */ = {isa = PBXFileReference; lastKnownFileType = sourcecode.swift; path = AppDelegate.swift; sourceTree = "<group>"; };
		80919122299FC74A00850F46 /* SceneDelegate.swift */ = {isa = PBXFileReference; lastKnownFileType = sourcecode.swift; path = SceneDelegate.swift; sourceTree = "<group>"; };
		8091912A299FC74B00850F46 /* TripGuide.xcdatamodel */ = {isa = PBXFileReference; lastKnownFileType = wrapper.xcdatamodel; path = TripGuide.xcdatamodel; sourceTree = "<group>"; };
		8091912C299FC74C00850F46 /* Assets.xcassets */ = {isa = PBXFileReference; lastKnownFileType = folder.assetcatalog; path = Assets.xcassets; sourceTree = "<group>"; };
		8091912F299FC74C00850F46 /* Base */ = {isa = PBXFileReference; lastKnownFileType = file.storyboard; name = Base; path = Base.lproj/LaunchScreen.storyboard; sourceTree = "<group>"; };
		80919131299FC74C00850F46 /* Info.plist */ = {isa = PBXFileReference; lastKnownFileType = text.plist.xml; path = Info.plist; sourceTree = "<group>"; };
		8091913F299FC85A00850F46 /* Main.storyboard */ = {isa = PBXFileReference; fileEncoding = 4; lastKnownFileType = file.storyboard; path = Main.storyboard; sourceTree = "<group>"; };
		80919141299FC86D00850F46 /* TabBarController.swift */ = {isa = PBXFileReference; fileEncoding = 4; lastKnownFileType = sourcecode.swift; path = TabBarController.swift; sourceTree = "<group>"; };
		80919144299FC8C700850F46 /* Extension+UIColor.swift */ = {isa = PBXFileReference; fileEncoding = 4; lastKnownFileType = sourcecode.swift; path = "Extension+UIColor.swift"; sourceTree = "<group>"; };
		80919145299FC8C700850F46 /* Extension+TabBarExtension.swift */ = {isa = PBXFileReference; fileEncoding = 4; lastKnownFileType = sourcecode.swift; path = "Extension+TabBarExtension.swift"; sourceTree = "<group>"; };
		80919149299FC8E500850F46 /* Settings.storyboard */ = {isa = PBXFileReference; fileEncoding = 4; lastKnownFileType = file.storyboard; path = Settings.storyboard; sourceTree = "<group>"; };
		8091914A299FC8E500850F46 /* SettingsViewController.swift */ = {isa = PBXFileReference; fileEncoding = 4; lastKnownFileType = sourcecode.swift; path = SettingsViewController.swift; sourceTree = "<group>"; };
		80919154299FC95C00850F46 /* FavoriteViewController.swift */ = {isa = PBXFileReference; fileEncoding = 4; lastKnownFileType = sourcecode.swift; path = FavoriteViewController.swift; sourceTree = "<group>"; };
		80919160299FC99F00850F46 /* ReserveRestaurant.storyboard */ = {isa = PBXFileReference; fileEncoding = 4; lastKnownFileType = file.storyboard; path = ReserveRestaurant.storyboard; sourceTree = "<group>"; };
		80919161299FC99F00850F46 /* ReserveRestaurantViewController.swift */ = {isa = PBXFileReference; fileEncoding = 4; lastKnownFileType = sourcecode.swift; path = ReserveRestaurantViewController.swift; sourceTree = "<group>"; };
		80919165299FC9BC00850F46 /* RestaurantCollectionViewCell.xib */ = {isa = PBXFileReference; fileEncoding = 4; lastKnownFileType = file.xib; path = RestaurantCollectionViewCell.xib; sourceTree = "<group>"; };
		80919166299FC9BC00850F46 /* RestaurantCollectionViewCell.swift */ = {isa = PBXFileReference; fileEncoding = 4; lastKnownFileType = sourcecode.swift; path = RestaurantCollectionViewCell.swift; sourceTree = "<group>"; };
		8091916A299FC9D200850F46 /* HotelCollectionViewCell.swift */ = {isa = PBXFileReference; fileEncoding = 4; lastKnownFileType = sourcecode.swift; path = HotelCollectionViewCell.swift; sourceTree = "<group>"; };
		8091916B299FC9D200850F46 /* HotelCollectionViewCell.xib */ = {isa = PBXFileReference; fileEncoding = 4; lastKnownFileType = file.xib; path = HotelCollectionViewCell.xib; sourceTree = "<group>"; };
		8091916E299FC9DD00850F46 /* DetailsViewController.swift */ = {isa = PBXFileReference; fileEncoding = 4; lastKnownFileType = sourcecode.swift; path = DetailsViewController.swift; sourceTree = "<group>"; };
		8091916F299FC9DD00850F46 /* Details.storyboard */ = {isa = PBXFileReference; fileEncoding = 4; lastKnownFileType = file.storyboard; path = Details.storyboard; sourceTree = "<group>"; };
		80919174299FCA1800850F46 /* ExploreTableViewCell.swift */ = {isa = PBXFileReference; fileEncoding = 4; lastKnownFileType = sourcecode.swift; path = ExploreTableViewCell.swift; sourceTree = "<group>"; };
		80919175299FCA1800850F46 /* ExploreTableViewCell.xib */ = {isa = PBXFileReference; fileEncoding = 4; lastKnownFileType = file.xib; path = ExploreTableViewCell.xib; sourceTree = "<group>"; };
		80919179299FCA3200850F46 /* Explore.storyboard */ = {isa = PBXFileReference; fileEncoding = 4; lastKnownFileType = file.storyboard; path = Explore.storyboard; sourceTree = "<group>"; };
		8091917A299FCA3200850F46 /* ExploreViewController.swift */ = {isa = PBXFileReference; fileEncoding = 4; lastKnownFileType = sourcecode.swift; path = ExploreViewController.swift; sourceTree = "<group>"; };
		8091917E299FCA4900850F46 /* CityDetailsViewController.swift */ = {isa = PBXFileReference; fileEncoding = 4; lastKnownFileType = sourcecode.swift; path = CityDetailsViewController.swift; sourceTree = "<group>"; };
		8091917F299FCA4900850F46 /* CityDetail.storyboard */ = {isa = PBXFileReference; fileEncoding = 4; lastKnownFileType = file.storyboard; path = CityDetail.storyboard; sourceTree = "<group>"; };
		80919183299FCA7900850F46 /* hotelsAPIManager.swift */ = {isa = PBXFileReference; fileEncoding = 4; lastKnownFileType = sourcecode.swift; path = hotelsAPIManager.swift; sourceTree = "<group>"; };
		80919184299FCA7900850F46 /* PlacesAPIManager.swift */ = {isa = PBXFileReference; fileEncoding = 4; lastKnownFileType = sourcecode.swift; path = PlacesAPIManager.swift; sourceTree = "<group>"; };
		80919185299FCA7900850F46 /* RestaurantApiManager.swift */ = {isa = PBXFileReference; fileEncoding = 4; lastKnownFileType = sourcecode.swift; path = RestaurantApiManager.swift; sourceTree = "<group>"; };
		8091918A299FCA8800850F46 /* City.swift */ = {isa = PBXFileReference; fileEncoding = 4; lastKnownFileType = sourcecode.swift; path = City.swift; sourceTree = "<group>"; };
		8091918B299FCA8800850F46 /* Restaurant.swift */ = {isa = PBXFileReference; fileEncoding = 4; lastKnownFileType = sourcecode.swift; path = Restaurant.swift; sourceTree = "<group>"; };
		8091918C299FCA8800850F46 /* hotel.swift */ = {isa = PBXFileReference; fileEncoding = 4; lastKnownFileType = sourcecode.swift; path = hotel.swift; sourceTree = "<group>"; };
		80919191299FCAA100850F46 /* Gilroy-Regular.ttf */ = {isa = PBXFileReference; lastKnownFileType = file; path = "Gilroy-Regular.ttf"; sourceTree = "<group>"; };
		80919192299FCAA100850F46 /* Gilroy-Bold.ttf */ = {isa = PBXFileReference; lastKnownFileType = file; path = "Gilroy-Bold.ttf"; sourceTree = "<group>"; };
		80919193299FCAA100850F46 /* Gotham-Bold.otf */ = {isa = PBXFileReference; lastKnownFileType = file; path = "Gotham-Bold.otf"; sourceTree = "<group>"; };
		809D608729A38E9C00E9EBBA /* ResortHotels.storyboard */ = {isa = PBXFileReference; lastKnownFileType = file.storyboard; path = ResortHotels.storyboard; sourceTree = "<group>"; };
		809D608929A38EAC00E9EBBA /* ResortsViewController.swift */ = {isa = PBXFileReference; lastKnownFileType = sourcecode.swift; path = ResortsViewController.swift; sourceTree = "<group>"; };
		809D608C29A390DA00E9EBBA /* ResortHotelsTableViewCell.swift */ = {isa = PBXFileReference; lastKnownFileType = sourcecode.swift; path = ResortHotelsTableViewCell.swift; sourceTree = "<group>"; };
		809D608D29A390DA00E9EBBA /* ResortHotelsTableViewCell.xib */ = {isa = PBXFileReference; lastKnownFileType = file.xib; path = ResortHotelsTableViewCell.xib; sourceTree = "<group>"; };
		80B7023229A7634A00B952FE /* BlogViewController.swift */ = {isa = PBXFileReference; lastKnownFileType = sourcecode.swift; path = BlogViewController.swift; sourceTree = "<group>"; };
		80B7023429A763B600B952FE /* BlogStoryBoard.storyboard */ = {isa = PBXFileReference; lastKnownFileType = file.storyboard; path = BlogStoryBoard.storyboard; sourceTree = "<group>"; };
		80BCE77629A1245F001E0E5D /* SeasideApiManager.swift */ = {isa = PBXFileReference; lastKnownFileType = sourcecode.swift; path = SeasideApiManager.swift; sourceTree = "<group>"; };
		80BCE77829A12476001E0E5D /* seaside.swift */ = {isa = PBXFileReference; lastKnownFileType = sourcecode.swift; path = seaside.swift; sourceTree = "<group>"; };
		80BCE77A29A12920001E0E5D /* SeasidesCollectionViewCell.swift */ = {isa = PBXFileReference; lastKnownFileType = sourcecode.swift; path = SeasidesCollectionViewCell.swift; sourceTree = "<group>"; };
		80BCE77B29A12920001E0E5D /* SeasidesCollectionViewCell.xib */ = {isa = PBXFileReference; lastKnownFileType = file.xib; path = SeasidesCollectionViewCell.xib; sourceTree = "<group>"; };
		80C83B2D29A37A2300797B8A /* Winter.swift */ = {isa = PBXFileReference; lastKnownFileType = sourcecode.swift; path = Winter.swift; sourceTree = "<group>"; };
		80C83B2F29A37A3100797B8A /* WinterAPIManager.swift */ = {isa = PBXFileReference; lastKnownFileType = sourcecode.swift; path = WinterAPIManager.swift; sourceTree = "<group>"; };
		80CE7AFE29A3C41400874F63 /* WHotelsDetailsViewController.swift */ = {isa = PBXFileReference; lastKnownFileType = sourcecode.swift; path = WHotelsDetailsViewController.swift; sourceTree = "<group>"; };
		80CE7B0029A3C42400874F63 /* WinterHDetails.storyboard */ = {isa = PBXFileReference; lastKnownFileType = file.storyboard; path = WinterHDetails.storyboard; sourceTree = "<group>"; };
		80D429E929A671D700BF26E8 /* CollectionModel.swift */ = {isa = PBXFileReference; lastKnownFileType = sourcecode.swift; path = CollectionModel.swift; sourceTree = "<group>"; };
		80D429EB29A6727500BF26E8 /* CollectionDataSource.swift */ = {isa = PBXFileReference; lastKnownFileType = sourcecode.swift; path = CollectionDataSource.swift; sourceTree = "<group>"; };
		80D429EE29A6753F00BF26E8 /* MyFavoritesCollectionViewCell.swift */ = {isa = PBXFileReference; lastKnownFileType = sourcecode.swift; path = MyFavoritesCollectionViewCell.swift; sourceTree = "<group>"; };
		80D429EF29A6753F00BF26E8 /* MyFavoritesCollectionViewCell.xib */ = {isa = PBXFileReference; lastKnownFileType = file.xib; path = MyFavoritesCollectionViewCell.xib; sourceTree = "<group>"; };
		80FCEDB229A13E670032BB39 /* SeasideTableViewCell.swift */ = {isa = PBXFileReference; lastKnownFileType = sourcecode.swift; path = SeasideTableViewCell.swift; sourceTree = "<group>"; };
		80FCEDB329A13E670032BB39 /* SeasideTableViewCell.xib */ = {isa = PBXFileReference; lastKnownFileType = file.xib; path = SeasideTableViewCell.xib; sourceTree = "<group>"; };
/* End PBXFileReference section */

/* Begin PBXFrameworksBuildPhase section */
		8091911A299FC74A00850F46 /* Frameworks */ = {
			isa = PBXFrameworksBuildPhase;
			buildActionMask = 2147483647;
			files = (
				80919197299FCAE800850F46 /* Kingfisher in Frameworks */,
			);
			runOnlyForDeploymentPostprocessing = 0;
		};
/* End PBXFrameworksBuildPhase section */

/* Begin PBXGroup section */
		80266C1329A2054300CF2551 /* TableView */ = {
			isa = PBXGroup;
			children = (
			);
			path = TableView;
			sourceTree = "<group>";
		};
		802A1DAF29A4D65C00F5FB5B /* SeeAllFiles */ = {
			isa = PBXGroup;
			children = (
				802A1DB829A4D73500F5FB5B /* summerTableViewFiles */,
				802A1DB029A4D67300F5FB5B /* seeAllView */,
			);
			path = SeeAllFiles;
			sourceTree = "<group>";
		};
		802A1DB029A4D67300F5FB5B /* seeAllView */ = {
			isa = PBXGroup;
			children = (
				802A1DB329A4D6AD00F5FB5B /* Summer.swift */,
				802A1DB629A4D6EA00F5FB5B /* Summer.storyboard */,
			);
			path = seeAllView;
			sourceTree = "<group>";
		};
		802A1DB829A4D73500F5FB5B /* summerTableViewFiles */ = {
			isa = PBXGroup;
			children = (
				802A1DB929A4D75600F5FB5B /* SummerTableViewCell.swift */,
				802A1DBA29A4D75600F5FB5B /* SummerTableViewCell.xib */,
			);
			path = summerTableViewFiles;
			sourceTree = "<group>";
		};
		802C6E2C299FD27600741CA8 /* Favorites */ = {
			isa = PBXGroup;
			children = (
				80919154299FC95C00850F46 /* FavoriteViewController.swift */,
				802C6E2D299FD28500741CA8 /* Favorites.storyboard */,
			);
			path = Favorites;
			sourceTree = "<group>";
		};
		802E425429A6256C00F6A245 /* DetailsOfTour */ = {
			isa = PBXGroup;
			children = (
				802E425929A6272B00F6A245 /* TourDetailsTapped.storyboard */,
				802E425B29A6273A00F6A245 /* TourDetailsTappedViewController.swift */,
			);
			path = DetailsOfTour;
			sourceTree = "<group>";
		};
		80348E2D29A5ED1200D192B3 /* ToursFiles */ = {
			isa = PBXGroup;
			children = (
				804E6D6C29A5FE1F00A3014A /* Details */,
				804E6D6A29A5FE0C00A3014A /* TableView */,
				804E6D6B29A5FE1800A3014A /* CollectionView */,
			);
			path = ToursFiles;
			sourceTree = "<group>";
		};
		804E6D6A29A5FE0C00A3014A /* TableView */ = {
			isa = PBXGroup;
			children = (
				80348E2E29A5ED3700D192B3 /* ToursTableViewCell.swift */,
				80348E2F29A5ED3700D192B3 /* ToursTableViewCell.xib */,
			);
			path = TableView;
			sourceTree = "<group>";
		};
		804E6D6B29A5FE1800A3014A /* CollectionView */ = {
			isa = PBXGroup;
			children = (
				80348E3229A5EF5100D192B3 /* ToursCollectionViewCell.swift */,
				80348E3329A5EF5100D192B3 /* ToursCollectionViewCell.xib */,
			);
			path = CollectionView;
			sourceTree = "<group>";
		};
		804E6D6C29A5FE1F00A3014A /* Details */ = {
			isa = PBXGroup;
			children = (
				802E425429A6256C00F6A245 /* DetailsOfTour */,
				804E6D7229A5FECC00A3014A /* ToursTableView */,
				804E6D7129A5FEBB00A3014A /* DetailsviewControoler */,
			);
			path = Details;
			sourceTree = "<group>";
		};
		804E6D7129A5FEBB00A3014A /* DetailsviewControoler */ = {
			isa = PBXGroup;
			children = (
				804E6D7729A6010700A3014A /* ToursDetails.storyboard */,
				804E6D7929A6011400A3014A /* ToursDViewController.swift */,
			);
			path = DetailsviewControoler;
			sourceTree = "<group>";
		};
		804E6D7229A5FECC00A3014A /* ToursTableView */ = {
			isa = PBXGroup;
			children = (
				804E6D7B29A6013F00A3014A /* ToursDetTableViewCell.swift */,
				804E6D7C29A6013F00A3014A /* ToursDetTableViewCell.xib */,
			);
			path = ToursTableView;
			sourceTree = "<group>";
		};
		807712E029A76B6900124195 /* BlogCollectionView */ = {
			isa = PBXGroup;
			children = (
				807712E129A76B7D00124195 /* BlogCollectionViewCell.swift */,
				807712E229A76B7D00124195 /* BlogCollectionViewCell.xib */,
			);
			path = BlogCollectionView;
			sourceTree = "<group>";
		};
		807712E529A7758400124195 /* WritingBlog */ = {
			isa = PBXGroup;
			children = (
				807712E629A7759300124195 /* WritingBlog.storyboard */,
				807712E829A775A200124195 /* WritingBlogViewController.swift */,
			);
			path = WritingBlog;
			sourceTree = "<group>";
		};
		808120FC29A4C9FB00A3DDBD /* Winter */ = {
			isa = PBXGroup;
			children = (
				8081210229A4CA3600A3DDBD /* TableView */,
				8081210129A4CA2600A3DDBD /* CollectionView */,
			);
			path = Winter;
			sourceTree = "<group>";
		};
		8081210129A4CA2600A3DDBD /* CollectionView */ = {
			isa = PBXGroup;
			children = (
				808120FD29A4CA1900A3DDBD /* WinteerCollectionViewCell.swift */,
				808120FE29A4CA1900A3DDBD /* WinteerCollectionViewCell.xib */,
				809D608B29A390C300E9EBBA /* TableView */,
			);
			path = CollectionView;
			sourceTree = "<group>";
		};
		8081210229A4CA3600A3DDBD /* TableView */ = {
			isa = PBXGroup;
			children = (
				802A1DAB29A4D0C000F5FB5B /* WinterTableViewCell.swift */,
				802A1DAC29A4D0C000F5FB5B /* WinterTableViewCell.xib */,
			);
			path = TableView;
			sourceTree = "<group>";
		};
		80919114299FC74A00850F46 = {
			isa = PBXGroup;
			children = (
				8091911F299FC74A00850F46 /* TripGuide */,
				8091911E299FC74A00850F46 /* Products */,
			);
			sourceTree = "<group>";
		};
		8091911E299FC74A00850F46 /* Products */ = {
			isa = PBXGroup;
			children = (
				8091911D299FC74A00850F46 /* TripGuide.app */,
			);
			name = Products;
			sourceTree = "<group>";
		};
		8091911F299FC74A00850F46 /* TripGuide */ = {
			isa = PBXGroup;
			children = (
				80919190299FCA9600850F46 /* CustomFonts */,
				80919189299FCA7F00850F46 /* Model */,
				80919182299FCA7000850F46 /* ApiManager */,
				80919143299FC8B700850F46 /* Extensions */,
				80919137299FC75100850F46 /* App */,
				80919138299FC75D00850F46 /* Scenes */,
				8091913B299FC77500850F46 /* Resources */,
				8091913C299FC77D00850F46 /* SupportingFiles */,
				80919129299FC74B00850F46 /* TripGuide.xcdatamodeld */,
				805AFE4329A79F2000F10D98 /* DataShouldBeFetched.xcdatamodeld */,
			);
			path = TripGuide;
			sourceTree = "<group>";
		};
		80919137299FC75100850F46 /* App */ = {
			isa = PBXGroup;
			children = (
				80919120299FC74A00850F46 /* AppDelegate.swift */,
				80919122299FC74A00850F46 /* SceneDelegate.swift */,
			);
			path = App;
			sourceTree = "<group>";
		};
		80919138299FC75D00850F46 /* Scenes */ = {
			isa = PBXGroup;
			children = (
				80919172299FCA0100850F46 /* Explore */,
				80919159299FC96E00850F46 /* Details */,
				8091914D299FC8F500850F46 /* Favourites */,
				80919148299FC8D900850F46 /* Settings */,
				80919139299FC76300850F46 /* Launch */,
				8091913A299FC77000850F46 /* TabBar */,
			);
			path = Scenes;
			sourceTree = "<group>";
		};
		80919139299FC76300850F46 /* Launch */ = {
			isa = PBXGroup;
			children = (
				8091912E299FC74C00850F46 /* LaunchScreen.storyboard */,
			);
			path = Launch;
			sourceTree = "<group>";
		};
		8091913A299FC77000850F46 /* TabBar */ = {
			isa = PBXGroup;
			children = (
				80919141299FC86D00850F46 /* TabBarController.swift */,
				8091913F299FC85A00850F46 /* Main.storyboard */,
			);
			path = TabBar;
			sourceTree = "<group>";
		};
		8091913B299FC77500850F46 /* Resources */ = {
			isa = PBXGroup;
			children = (
				8091912C299FC74C00850F46 /* Assets.xcassets */,
			);
			path = Resources;
			sourceTree = "<group>";
		};
		8091913C299FC77D00850F46 /* SupportingFiles */ = {
			isa = PBXGroup;
			children = (
				80919131299FC74C00850F46 /* Info.plist */,
			);
			path = SupportingFiles;
			sourceTree = "<group>";
		};
		80919143299FC8B700850F46 /* Extensions */ = {
			isa = PBXGroup;
			children = (
				80919145299FC8C700850F46 /* Extension+TabBarExtension.swift */,
				80919144299FC8C700850F46 /* Extension+UIColor.swift */,
			);
			path = Extensions;
			sourceTree = "<group>";
		};
		80919148299FC8D900850F46 /* Settings */ = {
			isa = PBXGroup;
			children = (
				80B7022E29A7631A00B952FE /* MyBlog */,
				80D429ED29A6752800BF26E8 /* collectionView */,
				80919149299FC8E500850F46 /* Settings.storyboard */,
				8091914A299FC8E500850F46 /* SettingsViewController.swift */,
			);
			path = Settings;
			sourceTree = "<group>";
		};
		8091914D299FC8F500850F46 /* Favourites */ = {
			isa = PBXGroup;
			children = (
				809D608629A38E7800E9EBBA /* FavoritesHotels  */,
				80FCEDB129A13E490032BB39 /* Seaside */,
				80919198299FCCE700850F46 /* CollectionView */,
				802C6E2C299FD27600741CA8 /* Favorites */,
			);
			path = Favourites;
			sourceTree = "<group>";
		};
		80919159299FC96E00850F46 /* Details */ = {
			isa = PBXGroup;
			children = (
				8091916F299FC9DD00850F46 /* Details.storyboard */,
				8091916E299FC9DD00850F46 /* DetailsViewController.swift */,
				80919169299FC9C300850F46 /* HotelCollectionViewCell */,
				80919164299FC9AF00850F46 /* RestaurantCollectionViewCell */,
				8091915F299FC99000850F46 /* ReserveRestaurant */,
			);
			path = Details;
			sourceTree = "<group>";
		};
		8091915F299FC99000850F46 /* ReserveRestaurant */ = {
			isa = PBXGroup;
			children = (
				80919160299FC99F00850F46 /* ReserveRestaurant.storyboard */,
				80919161299FC99F00850F46 /* ReserveRestaurantViewController.swift */,
			);
			path = ReserveRestaurant;
			sourceTree = "<group>";
		};
		80919164299FC9AF00850F46 /* RestaurantCollectionViewCell */ = {
			isa = PBXGroup;
			children = (
				80919166299FC9BC00850F46 /* RestaurantCollectionViewCell.swift */,
				80919165299FC9BC00850F46 /* RestaurantCollectionViewCell.xib */,
			);
			path = RestaurantCollectionViewCell;
			sourceTree = "<group>";
		};
		80919169299FC9C300850F46 /* HotelCollectionViewCell */ = {
			isa = PBXGroup;
			children = (
				8091916A299FC9D200850F46 /* HotelCollectionViewCell.swift */,
				8091916B299FC9D200850F46 /* HotelCollectionViewCell.xib */,
			);
			path = HotelCollectionViewCell;
			sourceTree = "<group>";
		};
		80919172299FCA0100850F46 /* Explore */ = {
			isa = PBXGroup;
			children = (
				8091917D299FCA3C00850F46 /* CityDetails */,
				80919178299FCA2000850F46 /* ExploreView */,
				80919173299FCA0C00850F46 /* ExploretableViewCell */,
			);
			path = Explore;
			sourceTree = "<group>";
		};
		80919173299FCA0C00850F46 /* ExploretableViewCell */ = {
			isa = PBXGroup;
			children = (
				80919174299FCA1800850F46 /* ExploreTableViewCell.swift */,
				80919175299FCA1800850F46 /* ExploreTableViewCell.xib */,
			);
			path = ExploretableViewCell;
			sourceTree = "<group>";
		};
		80919178299FCA2000850F46 /* ExploreView */ = {
			isa = PBXGroup;
			children = (
				80919179299FCA3200850F46 /* Explore.storyboard */,
				8091917A299FCA3200850F46 /* ExploreViewController.swift */,
			);
			path = ExploreView;
			sourceTree = "<group>";
		};
		8091917D299FCA3C00850F46 /* CityDetails */ = {
			isa = PBXGroup;
			children = (
				8091917F299FCA4900850F46 /* CityDetail.storyboard */,
				8091917E299FCA4900850F46 /* CityDetailsViewController.swift */,
			);
			path = CityDetails;
			sourceTree = "<group>";
		};
		80919182299FCA7000850F46 /* ApiManager */ = {
			isa = PBXGroup;
			children = (
				80919183299FCA7900850F46 /* hotelsAPIManager.swift */,
				80919184299FCA7900850F46 /* PlacesAPIManager.swift */,
				80919185299FCA7900850F46 /* RestaurantApiManager.swift */,
				80BCE77629A1245F001E0E5D /* SeasideApiManager.swift */,
				80C83B2F29A37A3100797B8A /* WinterAPIManager.swift */,
				80348E2B29A5EAC600D192B3 /* TourApiManager.swift */,
			);
			path = ApiManager;
			sourceTree = "<group>";
		};
		80919189299FCA7F00850F46 /* Model */ = {
			isa = PBXGroup;
			children = (
				8091918A299FCA8800850F46 /* City.swift */,
				8091918C299FCA8800850F46 /* hotel.swift */,
				8091918B299FCA8800850F46 /* Restaurant.swift */,
				80BCE77829A12476001E0E5D /* seaside.swift */,
				80C83B2D29A37A2300797B8A /* Winter.swift */,
				80348E2929A5EA2600D192B3 /* Tour.swift */,
				80D429E929A671D700BF26E8 /* CollectionModel.swift */,
				80D429EB29A6727500BF26E8 /* CollectionDataSource.swift */,
			);
			path = Model;
			sourceTree = "<group>";
		};
		80919190299FCA9600850F46 /* CustomFonts */ = {
			isa = PBXGroup;
			children = (
				80919192299FCAA100850F46 /* Gilroy-Bold.ttf */,
				80919191299FCAA100850F46 /* Gilroy-Regular.ttf */,
				80919193299FCAA100850F46 /* Gotham-Bold.otf */,
			);
			path = CustomFonts;
			sourceTree = "<group>";
		};
		80919198299FCCE700850F46 /* CollectionView */ = {
			isa = PBXGroup;
			children = (
				80BCE77A29A12920001E0E5D /* SeasidesCollectionViewCell.swift */,
				80BCE77B29A12920001E0E5D /* SeasidesCollectionViewCell.xib */,
			);
			path = CollectionView;
			sourceTree = "<group>";
		};
		809D608629A38E7800E9EBBA /* FavoritesHotels  */ = {
			isa = PBXGroup;
			children = (
				808120FC29A4C9FB00A3DDBD /* Winter */,
				809D608729A38E9C00E9EBBA /* ResortHotels.storyboard */,
				809D608929A38EAC00E9EBBA /* ResortsViewController.swift */,
			);
			path = "FavoritesHotels ";
			sourceTree = "<group>";
		};
		809D608B29A390C300E9EBBA /* TableView */ = {
			isa = PBXGroup;
			children = (
				80CE7AFD29A3C3F200874F63 /* HotelsDetailsWinter */,
				809D608C29A390DA00E9EBBA /* ResortHotelsTableViewCell.swift */,
				809D608D29A390DA00E9EBBA /* ResortHotelsTableViewCell.xib */,
			);
			path = TableView;
			sourceTree = "<group>";
		};
		80B7022E29A7631A00B952FE /* MyBlog */ = {
			isa = PBXGroup;
			children = (
				807712E529A7758400124195 /* WritingBlog */,
				807712E029A76B6900124195 /* BlogCollectionView */,
				80B7022F29A7632500B952FE /* ViewContBlog */,
			);
			path = MyBlog;
			sourceTree = "<group>";
		};
		80B7022F29A7632500B952FE /* ViewContBlog */ = {
			isa = PBXGroup;
			children = (
				80B7023229A7634A00B952FE /* BlogViewController.swift */,
				80B7023429A763B600B952FE /* BlogStoryBoard.storyboard */,
			);
			path = ViewContBlog;
			sourceTree = "<group>";
		};
		80CE7AFD29A3C3F200874F63 /* HotelsDetailsWinter */ = {
			isa = PBXGroup;
			children = (
				80CE7AFE29A3C41400874F63 /* WHotelsDetailsViewController.swift */,
				80CE7B0029A3C42400874F63 /* WinterHDetails.storyboard */,
			);
			path = HotelsDetailsWinter;
			sourceTree = "<group>";
		};
		80D429ED29A6752800BF26E8 /* collectionView */ = {
			isa = PBXGroup;
			children = (
				80D429EE29A6753F00BF26E8 /* MyFavoritesCollectionViewCell.swift */,
				80D429EF29A6753F00BF26E8 /* MyFavoritesCollectionViewCell.xib */,
			);
			path = collectionView;
			sourceTree = "<group>";
		};
		80FCEDB129A13E490032BB39 /* Seaside */ = {
			isa = PBXGroup;
			children = (
				80348E2D29A5ED1200D192B3 /* ToursFiles */,
				802A1DAF29A4D65C00F5FB5B /* SeeAllFiles */,
				80266C1329A2054300CF2551 /* TableView */,
				80FCEDB229A13E670032BB39 /* SeasideTableViewCell.swift */,
				80FCEDB329A13E670032BB39 /* SeasideTableViewCell.xib */,
			);
			path = Seaside;
			sourceTree = "<group>";
		};
/* End PBXGroup section */

/* Begin PBXNativeTarget section */
		8091911C299FC74A00850F46 /* TripGuide */ = {
			isa = PBXNativeTarget;
			buildConfigurationList = 80919134299FC74C00850F46 /* Build configuration list for PBXNativeTarget "TripGuide" */;
			buildPhases = (
				80919119299FC74A00850F46 /* Sources */,
				8091911A299FC74A00850F46 /* Frameworks */,
				8091911B299FC74A00850F46 /* Resources */,
			);
			buildRules = (
			);
			dependencies = (
			);
			name = TripGuide;
			packageProductDependencies = (
				80919196299FCAE800850F46 /* Kingfisher */,
			);
			productName = TripGuide;
			productReference = 8091911D299FC74A00850F46 /* TripGuide.app */;
			productType = "com.apple.product-type.application";
		};
/* End PBXNativeTarget section */

/* Begin PBXProject section */
		80919115299FC74A00850F46 /* Project object */ = {
			isa = PBXProject;
			attributes = {
				BuildIndependentTargetsInParallel = 1;
				LastSwiftUpdateCheck = 1420;
				LastUpgradeCheck = 1420;
				TargetAttributes = {
					8091911C299FC74A00850F46 = {
						CreatedOnToolsVersion = 14.2;
					};
				};
			};
			buildConfigurationList = 80919118299FC74A00850F46 /* Build configuration list for PBXProject "TripGuide" */;
			compatibilityVersion = "Xcode 14.0";
			developmentRegion = en;
			hasScannedForEncodings = 0;
			knownRegions = (
				en,
				Base,
			);
			mainGroup = 80919114299FC74A00850F46;
			packageReferences = (
				80919195299FCAE800850F46 /* XCRemoteSwiftPackageReference "Kingfisher" */,
			);
			productRefGroup = 8091911E299FC74A00850F46 /* Products */;
			projectDirPath = "";
			projectRoot = "";
			targets = (
				8091911C299FC74A00850F46 /* TripGuide */,
			);
		};
/* End PBXProject section */

/* Begin PBXResourcesBuildPhase section */
		8091911B299FC74A00850F46 /* Resources */ = {
			isa = PBXResourcesBuildPhase;
			buildActionMask = 2147483647;
			files = (
				804E6D7829A6010700A3014A /* ToursDetails.storyboard in Resources */,
				80B7023529A763B600B952FE /* BlogStoryBoard.storyboard in Resources */,
				80348E3529A5EF5100D192B3 /* ToursCollectionViewCell.xib in Resources */,
				80B2639929A1509700A0F3EF /* Gotham-Bold.otf in Resources */,
				802E425A29A6272B00F6A245 /* TourDetailsTapped.storyboard in Resources */,
				80348E3129A5ED3700D192B3 /* ToursTableViewCell.xib in Resources */,
				80919162299FC99F00850F46 /* ReserveRestaurant.storyboard in Resources */,
				802A1DAE29A4D0C000F5FB5B /* WinterTableViewCell.xib in Resources */,
				80919140299FC85B00850F46 /* Main.storyboard in Resources */,
				802A1DBC29A4D75600F5FB5B /* SummerTableViewCell.xib in Resources */,
				80CE7B0129A3C42400874F63 /* WinterHDetails.storyboard in Resources */,
				80D429F129A6753F00BF26E8 /* MyFavoritesCollectionViewCell.xib in Resources */,
				80B2639729A1509300A0F3EF /* Gilroy-Bold.ttf in Resources */,
				8091917B299FCA3200850F46 /* Explore.storyboard in Resources */,
				804E6D7E29A6013F00A3014A /* ToursDetTableViewCell.xib in Resources */,
				80919177299FCA1800850F46 /* ExploreTableViewCell.xib in Resources */,
				8081210029A4CA1900A3DDBD /* WinteerCollectionViewCell.xib in Resources */,
				80B2639829A1509500A0F3EF /* Gilroy-Regular.ttf in Resources */,
				80919167299FC9BC00850F46 /* RestaurantCollectionViewCell.xib in Resources */,
				802A1DB729A4D6EA00F5FB5B /* Summer.storyboard in Resources */,
				80919171299FC9DD00850F46 /* Details.storyboard in Resources */,
				80BCE77D29A12920001E0E5D /* SeasidesCollectionViewCell.xib in Resources */,
				807712E429A76B7D00124195 /* BlogCollectionViewCell.xib in Resources */,
				809D608F29A390DA00E9EBBA /* ResortHotelsTableViewCell.xib in Resources */,
				807712E729A7759300124195 /* WritingBlog.storyboard in Resources */,
				8091916D299FC9D200850F46 /* HotelCollectionViewCell.xib in Resources */,
				809D608829A38E9C00E9EBBA /* ResortHotels.storyboard in Resources */,
				80919130299FC74C00850F46 /* LaunchScreen.storyboard in Resources */,
				80919181299FCA4900850F46 /* CityDetail.storyboard in Resources */,
				8091912D299FC74C00850F46 /* Assets.xcassets in Resources */,
				80FCEDB529A13E670032BB39 /* SeasideTableViewCell.xib in Resources */,
				8091914B299FC8E500850F46 /* Settings.storyboard in Resources */,
				802C6E2E299FD28500741CA8 /* Favorites.storyboard in Resources */,
			);
			runOnlyForDeploymentPostprocessing = 0;
		};
/* End PBXResourcesBuildPhase section */

/* Begin PBXSourcesBuildPhase section */
		80919119299FC74A00850F46 /* Sources */ = {
			isa = PBXSourcesBuildPhase;
			buildActionMask = 2147483647;
			files = (
				8091918F299FCA8800850F46 /* hotel.swift in Sources */,
				8091918E299FCA8800850F46 /* Restaurant.swift in Sources */,
				802A1DBB29A4D75600F5FB5B /* SummerTableViewCell.swift in Sources */,
				80919163299FC99F00850F46 /* ReserveRestaurantViewController.swift in Sources */,
				80919121299FC74A00850F46 /* AppDelegate.swift in Sources */,
				80919158299FC95C00850F46 /* FavoriteViewController.swift in Sources */,
				80919180299FCA4900850F46 /* CityDetailsViewController.swift in Sources */,
				80BCE77729A1245F001E0E5D /* SeasideApiManager.swift in Sources */,
				807712E929A775A200124195 /* WritingBlogViewController.swift in Sources */,
				80919186299FCA7900850F46 /* hotelsAPIManager.swift in Sources */,
				802E425C29A6273A00F6A245 /* TourDetailsTappedViewController.swift in Sources */,
				809D608A29A38EAC00E9EBBA /* ResortsViewController.swift in Sources */,
				80348E2C29A5EAC600D192B3 /* TourApiManager.swift in Sources */,
				8091917C299FCA3200850F46 /* ExploreViewController.swift in Sources */,
				80CE7AFF29A3C41400874F63 /* WHotelsDetailsViewController.swift in Sources */,
				807712E329A76B7D00124195 /* BlogCollectionViewCell.swift in Sources */,
				809D608E29A390DA00E9EBBA /* ResortHotelsTableViewCell.swift in Sources */,
				80BCE77929A12476001E0E5D /* seaside.swift in Sources */,
				80C83B3029A37A3100797B8A /* WinterAPIManager.swift in Sources */,
				80D429EA29A671D700BF26E8 /* CollectionModel.swift in Sources */,
				80919188299FCA7900850F46 /* RestaurantApiManager.swift in Sources */,
				802A1DB429A4D6AD00F5FB5B /* Summer.swift in Sources */,
				80919146299FC8C700850F46 /* Extension+UIColor.swift in Sources */,
				80348E3029A5ED3700D192B3 /* ToursTableViewCell.swift in Sources */,
				802A1DAD29A4D0C000F5FB5B /* WinterTableViewCell.swift in Sources */,
				804E6D7A29A6011400A3014A /* ToursDViewController.swift in Sources */,
				80919176299FCA1800850F46 /* ExploreTableViewCell.swift in Sources */,
				8091914C299FC8E500850F46 /* SettingsViewController.swift in Sources */,
				8091916C299FC9D200850F46 /* HotelCollectionViewCell.swift in Sources */,
				80BCE77C29A12920001E0E5D /* SeasidesCollectionViewCell.swift in Sources */,
				80919142299FC86D00850F46 /* TabBarController.swift in Sources */,
				808120FF29A4CA1900A3DDBD /* WinteerCollectionViewCell.swift in Sources */,
				80D429EC29A6727500BF26E8 /* CollectionDataSource.swift in Sources */,
				80919147299FC8C700850F46 /* Extension+TabBarExtension.swift in Sources */,
				80C83B2E29A37A2300797B8A /* Winter.swift in Sources */,
				80919168299FC9BC00850F46 /* RestaurantCollectionViewCell.swift in Sources */,
				80D429F029A6753F00BF26E8 /* MyFavoritesCollectionViewCell.swift in Sources */,
				80348E2A29A5EA2600D192B3 /* Tour.swift in Sources */,
				805AFE4529A79F2000F10D98 /* DataShouldBeFetched.xcdatamodeld in Sources */,
				80919170299FC9DD00850F46 /* DetailsViewController.swift in Sources */,
				80348E3429A5EF5100D192B3 /* ToursCollectionViewCell.swift in Sources */,
				80919187299FCA7900850F46 /* PlacesAPIManager.swift in Sources */,
				804E6D7D29A6013F00A3014A /* ToursDetTableViewCell.swift in Sources */,
				80919123299FC74A00850F46 /* SceneDelegate.swift in Sources */,
				80B7023329A7634A00B952FE /* BlogViewController.swift in Sources */,
				8091912B299FC74B00850F46 /* TripGuide.xcdatamodeld in Sources */,
				80FCEDB429A13E670032BB39 /* SeasideTableViewCell.swift in Sources */,
				8091918D299FCA8800850F46 /* City.swift in Sources */,
			);
			runOnlyForDeploymentPostprocessing = 0;
		};
/* End PBXSourcesBuildPhase section */

/* Begin PBXVariantGroup section */
		8091912E299FC74C00850F46 /* LaunchScreen.storyboard */ = {
			isa = PBXVariantGroup;
			children = (
				8091912F299FC74C00850F46 /* Base */,
			);
			name = LaunchScreen.storyboard;
			sourceTree = "<group>";
		};
/* End PBXVariantGroup section */

/* Begin XCBuildConfiguration section */
		80919132299FC74C00850F46 /* Debug */ = {
			isa = XCBuildConfiguration;
			buildSettings = {
				ALWAYS_SEARCH_USER_PATHS = NO;
				CLANG_ANALYZER_NONNULL = YES;
				CLANG_ANALYZER_NUMBER_OBJECT_CONVERSION = YES_AGGRESSIVE;
				CLANG_CXX_LANGUAGE_STANDARD = "gnu++20";
				CLANG_ENABLE_MODULES = YES;
				CLANG_ENABLE_OBJC_ARC = YES;
				CLANG_ENABLE_OBJC_WEAK = YES;
				CLANG_WARN_BLOCK_CAPTURE_AUTORELEASING = YES;
				CLANG_WARN_BOOL_CONVERSION = YES;
				CLANG_WARN_COMMA = YES;
				CLANG_WARN_CONSTANT_CONVERSION = YES;
				CLANG_WARN_DEPRECATED_OBJC_IMPLEMENTATIONS = YES;
				CLANG_WARN_DIRECT_OBJC_ISA_USAGE = YES_ERROR;
				CLANG_WARN_DOCUMENTATION_COMMENTS = YES;
				CLANG_WARN_EMPTY_BODY = YES;
				CLANG_WARN_ENUM_CONVERSION = YES;
				CLANG_WARN_INFINITE_RECURSION = YES;
				CLANG_WARN_INT_CONVERSION = YES;
				CLANG_WARN_NON_LITERAL_NULL_CONVERSION = YES;
				CLANG_WARN_OBJC_IMPLICIT_RETAIN_SELF = YES;
				CLANG_WARN_OBJC_LITERAL_CONVERSION = YES;
				CLANG_WARN_OBJC_ROOT_CLASS = YES_ERROR;
				CLANG_WARN_QUOTED_INCLUDE_IN_FRAMEWORK_HEADER = YES;
				CLANG_WARN_RANGE_LOOP_ANALYSIS = YES;
				CLANG_WARN_STRICT_PROTOTYPES = YES;
				CLANG_WARN_SUSPICIOUS_MOVE = YES;
				CLANG_WARN_UNGUARDED_AVAILABILITY = YES_AGGRESSIVE;
				CLANG_WARN_UNREACHABLE_CODE = YES;
				CLANG_WARN__DUPLICATE_METHOD_MATCH = YES;
				COPY_PHASE_STRIP = NO;
				DEBUG_INFORMATION_FORMAT = dwarf;
				ENABLE_STRICT_OBJC_MSGSEND = YES;
				ENABLE_TESTABILITY = YES;
				GCC_C_LANGUAGE_STANDARD = gnu11;
				GCC_DYNAMIC_NO_PIC = NO;
				GCC_NO_COMMON_BLOCKS = YES;
				GCC_OPTIMIZATION_LEVEL = 0;
				GCC_PREPROCESSOR_DEFINITIONS = (
					"DEBUG=1",
					"$(inherited)",
				);
				GCC_WARN_64_TO_32_BIT_CONVERSION = YES;
				GCC_WARN_ABOUT_RETURN_TYPE = YES_ERROR;
				GCC_WARN_UNDECLARED_SELECTOR = YES;
				GCC_WARN_UNINITIALIZED_AUTOS = YES_AGGRESSIVE;
				GCC_WARN_UNUSED_FUNCTION = YES;
				GCC_WARN_UNUSED_VARIABLE = YES;
				IPHONEOS_DEPLOYMENT_TARGET = 16.2;
				MTL_ENABLE_DEBUG_INFO = INCLUDE_SOURCE;
				MTL_FAST_MATH = YES;
				ONLY_ACTIVE_ARCH = YES;
				SDKROOT = iphoneos;
				SWIFT_ACTIVE_COMPILATION_CONDITIONS = DEBUG;
				SWIFT_OPTIMIZATION_LEVEL = "-Onone";
			};
			name = Debug;
		};
		80919133299FC74C00850F46 /* Release */ = {
			isa = XCBuildConfiguration;
			buildSettings = {
				ALWAYS_SEARCH_USER_PATHS = NO;
				CLANG_ANALYZER_NONNULL = YES;
				CLANG_ANALYZER_NUMBER_OBJECT_CONVERSION = YES_AGGRESSIVE;
				CLANG_CXX_LANGUAGE_STANDARD = "gnu++20";
				CLANG_ENABLE_MODULES = YES;
				CLANG_ENABLE_OBJC_ARC = YES;
				CLANG_ENABLE_OBJC_WEAK = YES;
				CLANG_WARN_BLOCK_CAPTURE_AUTORELEASING = YES;
				CLANG_WARN_BOOL_CONVERSION = YES;
				CLANG_WARN_COMMA = YES;
				CLANG_WARN_CONSTANT_CONVERSION = YES;
				CLANG_WARN_DEPRECATED_OBJC_IMPLEMENTATIONS = YES;
				CLANG_WARN_DIRECT_OBJC_ISA_USAGE = YES_ERROR;
				CLANG_WARN_DOCUMENTATION_COMMENTS = YES;
				CLANG_WARN_EMPTY_BODY = YES;
				CLANG_WARN_ENUM_CONVERSION = YES;
				CLANG_WARN_INFINITE_RECURSION = YES;
				CLANG_WARN_INT_CONVERSION = YES;
				CLANG_WARN_NON_LITERAL_NULL_CONVERSION = YES;
				CLANG_WARN_OBJC_IMPLICIT_RETAIN_SELF = YES;
				CLANG_WARN_OBJC_LITERAL_CONVERSION = YES;
				CLANG_WARN_OBJC_ROOT_CLASS = YES_ERROR;
				CLANG_WARN_QUOTED_INCLUDE_IN_FRAMEWORK_HEADER = YES;
				CLANG_WARN_RANGE_LOOP_ANALYSIS = YES;
				CLANG_WARN_STRICT_PROTOTYPES = YES;
				CLANG_WARN_SUSPICIOUS_MOVE = YES;
				CLANG_WARN_UNGUARDED_AVAILABILITY = YES_AGGRESSIVE;
				CLANG_WARN_UNREACHABLE_CODE = YES;
				CLANG_WARN__DUPLICATE_METHOD_MATCH = YES;
				COPY_PHASE_STRIP = NO;
				DEBUG_INFORMATION_FORMAT = "dwarf-with-dsym";
				ENABLE_NS_ASSERTIONS = NO;
				ENABLE_STRICT_OBJC_MSGSEND = YES;
				GCC_C_LANGUAGE_STANDARD = gnu11;
				GCC_NO_COMMON_BLOCKS = YES;
				GCC_WARN_64_TO_32_BIT_CONVERSION = YES;
				GCC_WARN_ABOUT_RETURN_TYPE = YES_ERROR;
				GCC_WARN_UNDECLARED_SELECTOR = YES;
				GCC_WARN_UNINITIALIZED_AUTOS = YES_AGGRESSIVE;
				GCC_WARN_UNUSED_FUNCTION = YES;
				GCC_WARN_UNUSED_VARIABLE = YES;
				IPHONEOS_DEPLOYMENT_TARGET = 16.2;
				MTL_ENABLE_DEBUG_INFO = NO;
				MTL_FAST_MATH = YES;
				SDKROOT = iphoneos;
				SWIFT_COMPILATION_MODE = wholemodule;
				SWIFT_OPTIMIZATION_LEVEL = "-O";
				VALIDATE_PRODUCT = YES;
			};
			name = Release;
		};
		80919135299FC74C00850F46 /* Debug */ = {
			isa = XCBuildConfiguration;
			buildSettings = {
				ASSETCATALOG_COMPILER_APPICON_NAME = AppIcon;
				ASSETCATALOG_COMPILER_GLOBAL_ACCENT_COLOR_NAME = AccentColor;
				CODE_SIGN_STYLE = Automatic;
				CURRENT_PROJECT_VERSION = 1;
				GENERATE_INFOPLIST_FILE = YES;
				INFOPLIST_FILE = TripGuide/SupportingFiles/Info.plist;
				INFOPLIST_KEY_UIApplicationSupportsIndirectInputEvents = YES;
				INFOPLIST_KEY_UILaunchStoryboardName = LaunchScreen;
				INFOPLIST_KEY_UIMainStoryboardFile = Main;
				INFOPLIST_KEY_UISupportedInterfaceOrientations_iPad = "UIInterfaceOrientationPortrait UIInterfaceOrientationPortraitUpsideDown UIInterfaceOrientationLandscapeLeft UIInterfaceOrientationLandscapeRight";
				INFOPLIST_KEY_UISupportedInterfaceOrientations_iPhone = "UIInterfaceOrientationPortrait UIInterfaceOrientationLandscapeLeft UIInterfaceOrientationLandscapeRight";
				LD_RUNPATH_SEARCH_PATHS = (
					"$(inherited)",
					"@executable_path/Frameworks",
				);
				MARKETING_VERSION = 1.0;
				PRODUCT_BUNDLE_IDENTIFIER = Freelance.TripGuide;
				PRODUCT_NAME = "$(TARGET_NAME)";
				SWIFT_EMIT_LOC_STRINGS = YES;
				SWIFT_VERSION = 5.0;
				TARGETED_DEVICE_FAMILY = "1,2";
			};
			name = Debug;
		};
		80919136299FC74C00850F46 /* Release */ = {
			isa = XCBuildConfiguration;
			buildSettings = {
				ASSETCATALOG_COMPILER_APPICON_NAME = AppIcon;
				ASSETCATALOG_COMPILER_GLOBAL_ACCENT_COLOR_NAME = AccentColor;
				CODE_SIGN_STYLE = Automatic;
				CURRENT_PROJECT_VERSION = 1;
				GENERATE_INFOPLIST_FILE = YES;
				INFOPLIST_FILE = TripGuide/SupportingFiles/Info.plist;
				INFOPLIST_KEY_UIApplicationSupportsIndirectInputEvents = YES;
				INFOPLIST_KEY_UILaunchStoryboardName = LaunchScreen;
				INFOPLIST_KEY_UIMainStoryboardFile = Main;
				INFOPLIST_KEY_UISupportedInterfaceOrientations_iPad = "UIInterfaceOrientationPortrait UIInterfaceOrientationPortraitUpsideDown UIInterfaceOrientationLandscapeLeft UIInterfaceOrientationLandscapeRight";
				INFOPLIST_KEY_UISupportedInterfaceOrientations_iPhone = "UIInterfaceOrientationPortrait UIInterfaceOrientationLandscapeLeft UIInterfaceOrientationLandscapeRight";
				LD_RUNPATH_SEARCH_PATHS = (
					"$(inherited)",
					"@executable_path/Frameworks",
				);
				MARKETING_VERSION = 1.0;
				PRODUCT_BUNDLE_IDENTIFIER = Freelance.TripGuide;
				PRODUCT_NAME = "$(TARGET_NAME)";
				SWIFT_EMIT_LOC_STRINGS = YES;
				SWIFT_VERSION = 5.0;
				TARGETED_DEVICE_FAMILY = "1,2";
			};
			name = Release;
		};
/* End XCBuildConfiguration section */

/* Begin XCConfigurationList section */
		80919118299FC74A00850F46 /* Build configuration list for PBXProject "TripGuide" */ = {
			isa = XCConfigurationList;
			buildConfigurations = (
				80919132299FC74C00850F46 /* Debug */,
				80919133299FC74C00850F46 /* Release */,
			);
			defaultConfigurationIsVisible = 0;
			defaultConfigurationName = Release;
		};
		80919134299FC74C00850F46 /* Build configuration list for PBXNativeTarget "TripGuide" */ = {
			isa = XCConfigurationList;
			buildConfigurations = (
				80919135299FC74C00850F46 /* Debug */,
				80919136299FC74C00850F46 /* Release */,
			);
			defaultConfigurationIsVisible = 0;
			defaultConfigurationName = Release;
		};
/* End XCConfigurationList section */

/* Begin XCRemoteSwiftPackageReference section */
		80919195299FCAE800850F46 /* XCRemoteSwiftPackageReference "Kingfisher" */ = {
			isa = XCRemoteSwiftPackageReference;
			repositoryURL = "https://github.com/onevcat/Kingfisher";
			requirement = {
				branch = master;
				kind = branch;
			};
		};
/* End XCRemoteSwiftPackageReference section */

/* Begin XCSwiftPackageProductDependency section */
		80919196299FCAE800850F46 /* Kingfisher */ = {
			isa = XCSwiftPackageProductDependency;
			package = 80919195299FCAE800850F46 /* XCRemoteSwiftPackageReference "Kingfisher" */;
			productName = Kingfisher;
		};
/* End XCSwiftPackageProductDependency section */

/* Begin XCVersionGroup section */
		805AFE4329A79F2000F10D98 /* DataShouldBeFetched.xcdatamodeld */ = {
			isa = XCVersionGroup;
			children = (
				805AFE4429A79F2000F10D98 /* DataShouldBeFetched.xcdatamodel */,
			);
			currentVersion = 805AFE4429A79F2000F10D98 /* DataShouldBeFetched.xcdatamodel */;
			path = DataShouldBeFetched.xcdatamodeld;
			sourceTree = "<group>";
			versionGroupType = wrapper.xcdatamodel;
		};
		80919129299FC74B00850F46 /* TripGuide.xcdatamodeld */ = {
			isa = XCVersionGroup;
			children = (
				8091912A299FC74B00850F46 /* TripGuide.xcdatamodel */,
			);
			currentVersion = 8091912A299FC74B00850F46 /* TripGuide.xcdatamodel */;
			path = TripGuide.xcdatamodeld;
			sourceTree = "<group>";
			versionGroupType = wrapper.xcdatamodel;
		};
/* End XCVersionGroup section */
	};
	rootObject = 80919115299FC74A00850F46 /* Project object */;
}
